<Solution>
  <Folder Name="/Libraries/">
    <Project Path="Libraries/Vigia.Cache/Vigia.Cache.csproj" />
    <Project Path="Libraries/Vigia.Database/Vigia.Database.csproj" />
    <Project Path="Libraries/Vigia.Models/Vigia.Models.csproj" />
  </Folder>
  <Project Path="Vigia.API/Vigia.API.csproj" />
</Solution>
